
Microsoft Visual Studio Solution File, Format Version 12.00
# Visual Studio Version 16
VisualStudioVersion = 16.0.31019.35
MinimumVisualStudioVersion = 10.0.40219.1
Project("{FAE04EC0-301F-11D3-BF4B-00C04F79EFBC}") = "LFU Cache", "LFU Cache\LFU Cache.csproj", "{AE1C2272-2EBA-4596-8276-AA5E2A623519}"
EndProject
Global
	GlobalSection(SolutionConfigurationPlatforms) = preSolution
		Debug|Any CPU = Debug|Any CPU
		Release|Any CPU = Release|Any CPU
	EndGlobalSection
	GlobalSection(ProjectConfigurationPlatforms) = postSolution
		{AE1C2272-2EBA-4596-8276-AA5E2A623519}.Debug|Any CPU.ActiveCfg = Debug|Any CPU
		{AE1C2272-2EBA-4596-8276-AA5E2A623519}.Debug|Any CPU.Build.0 = Debug|Any CPU
		{AE1C2272-2EBA-4596-8276-AA5E2A623519}.Release|Any CPU.ActiveCfg = Release|Any CPU
		{AE1C2272-2EBA-4596-8276-AA5E2A623519}.Release|Any CPU.Build.0 = Release|Any CPU
	EndGlobalSection
	GlobalSection(SolutionProperties) = preSolution
		HideSolutionNode = FALSE
	EndGlobalSection
	GlobalSection(ExtensibilityGlobals) = postSolution
		SolutionGuid = {E5AB3A49-4DD8-4D0E-8F53-6861132C044E}
	EndGlobalSection
EndGlobal
